
Microsoft Visual Studio Solution File, Format Version 12.00
# Visual Studio Version 17
VisualStudioVersion = 17.12.35527.113 d17.12
MinimumVisualStudioVersion = 10.0.40219.1
Project("{FAE04EC0-301F-11D3-BF4B-00C04F79EFBC}") = "Project1", "Project1\Project1.csproj", "{B83C2484-1128-453B-94BF-CD52D7ADB046}"
EndProject
Project("{FAE04EC0-301F-11D3-BF4B-00C04F79EFBC}") = "Interface_Demo", "Interface_Demo\Interface_Demo.csproj", "{58D8CBB6-B703-4C3A-A6C1-D1F8A96A5F62}"
EndProject
Global
	GlobalSection(SolutionConfigurationPlatforms) = preSolution
		Debug|Any CPU = Debug|Any CPU
		Release|Any CPU = Release|Any CPU
	EndGlobalSection
	GlobalSection(ProjectConfigurationPlatforms) = postSolution
		{B83C2484-1128-453B-94BF-CD52D7ADB046}.Debug|Any CPU.ActiveCfg = Debug|Any CPU
		{B83C2484-1128-453B-94BF-CD52D7ADB046}.Debug|Any CPU.Build.0 = Debug|Any CPU
		{B83C2484-1128-453B-94BF-CD52D7ADB046}.Release|Any CPU.ActiveCfg = Release|Any CPU
		{B83C2484-1128-453B-94BF-CD52D7ADB046}.Release|Any CPU.Build.0 = Release|Any CPU
		{58D8CBB6-B703-4C3A-A6C1-D1F8A96A5F62}.Debug|Any CPU.ActiveCfg = Debug|Any CPU
		{58D8CBB6-B703-4C3A-A6C1-D1F8A96A5F62}.Debug|Any CPU.Build.0 = Debug|Any CPU
		{58D8CBB6-B703-4C3A-A6C1-D1F8A96A5F62}.Release|Any CPU.ActiveCfg = Release|Any CPU
		{58D8CBB6-B703-4C3A-A6C1-D1F8A96A5F62}.Release|Any CPU.Build.0 = Release|Any CPU
	EndGlobalSection
	GlobalSection(SolutionProperties) = preSolution
		HideSolutionNode = FALSE
	EndGlobalSection
EndGlobal
